
Microsoft Visual Studio Solution File, Format Version 12.00
# Visual Studio Version 17
VisualStudioVersion = 17.11.35222.181
MinimumVisualStudioVersion = 10.0.40219.1
Project("{FAE04EC0-301F-11D3-BF4B-00C04F79EFBC}") = "academica", "academica\academica.csproj", "{A15EBED5-4395-41DF-A523-6E9B1C9FE31C}"
EndProject
Global
	GlobalSection(SolutionConfigurationPlatforms) = preSolution
		Debug|Any CPU = Debug|Any CPU
		Release|Any CPU = Release|Any CPU
	EndGlobalSection
	GlobalSection(ProjectConfigurationPlatforms) = postSolution
		{A15EBED5-4395-41DF-A523-6E9B1C9FE31C}.Debug|Any CPU.ActiveCfg = Debug|Any CPU
		{A15EBED5-4395-41DF-A523-6E9B1C9FE31C}.Debug|Any CPU.Build.0 = Debug|Any CPU
		{A15EBED5-4395-41DF-A523-6E9B1C9FE31C}.Release|Any CPU.ActiveCfg = Release|Any CPU
		{A15EBED5-4395-41DF-A523-6E9B1C9FE31C}.Release|Any CPU.Build.0 = Release|Any CPU
	EndGlobalSection
	GlobalSection(SolutionProperties) = preSolution
		HideSolutionNode = FALSE
	EndGlobalSection
	GlobalSection(ExtensibilityGlobals) = postSolution
		SolutionGuid = {5DCA2447-1AE0-4A8B-B432-3997AAA87914}
	EndGlobalSection
EndGlobal
